
Microsoft Visual Studio Solution File, Format Version 12.00
# Visual Studio Version 17
VisualStudioVersion = 17.10.34916.146
MinimumVisualStudioVersion = 10.0.40219.1
Project("{FAE04EC0-301F-11D3-BF4B-00C04F79EFBC}") = "02UnderstandingTypes", "02UnderstandingTypes\02UnderstandingTypes.csproj", "{80F90D68-C4F4-4988-A407-FF11A9E4EBB6}"
EndProject
Global
	GlobalSection(SolutionConfigurationPlatforms) = preSolution
		Debug|Any CPU = Debug|Any CPU
		Release|Any CPU = Release|Any CPU
	EndGlobalSection
	GlobalSection(ProjectConfigurationPlatforms) = postSolution
		{80F90D68-C4F4-4988-A407-FF11A9E4EBB6}.Debug|Any CPU.ActiveCfg = Debug|Any CPU
		{80F90D68-C4F4-4988-A407-FF11A9E4EBB6}.Debug|Any CPU.Build.0 = Debug|Any CPU
		{80F90D68-C4F4-4988-A407-FF11A9E4EBB6}.Release|Any CPU.ActiveCfg = Release|Any CPU
		{80F90D68-C4F4-4988-A407-FF11A9E4EBB6}.Release|Any CPU.Build.0 = Release|Any CPU
	EndGlobalSection
	GlobalSection(SolutionProperties) = preSolution
		HideSolutionNode = FALSE
	EndGlobalSection
	GlobalSection(ExtensibilityGlobals) = postSolution
		SolutionGuid = {99ADF112-E0E3-4EDC-975E-2B38FEC719D3}
	EndGlobalSection
EndGlobal
