
Microsoft Visual Studio Solution File, Format Version 12.00
# Visual Studio Version 17
VisualStudioVersion = 17.10.34916.146
MinimumVisualStudioVersion = 10.0.40219.1
Project("{FAE04EC0-301F-11D3-BF4B-00C04F79EFBC}") = "02ArraysAndStrings", "02ArraysAndStrings\02ArraysAndStrings.csproj", "{1427C984-A44B-40D2-A1ED-0E0F57D0E847}"
EndProject
Global
	GlobalSection(SolutionConfigurationPlatforms) = preSolution
		Debug|Any CPU = Debug|Any CPU
		Release|Any CPU = Release|Any CPU
	EndGlobalSection
	GlobalSection(ProjectConfigurationPlatforms) = postSolution
		{1427C984-A44B-40D2-A1ED-0E0F57D0E847}.Debug|Any CPU.ActiveCfg = Debug|Any CPU
		{1427C984-A44B-40D2-A1ED-0E0F57D0E847}.Debug|Any CPU.Build.0 = Debug|Any CPU
		{1427C984-A44B-40D2-A1ED-0E0F57D0E847}.Release|Any CPU.ActiveCfg = Release|Any CPU
		{1427C984-A44B-40D2-A1ED-0E0F57D0E847}.Release|Any CPU.Build.0 = Release|Any CPU
	EndGlobalSection
	GlobalSection(SolutionProperties) = preSolution
		HideSolutionNode = FALSE
	EndGlobalSection
	GlobalSection(ExtensibilityGlobals) = postSolution
		SolutionGuid = {7FE8029B-B0F2-4CD3-94AB-ABE2DD39D583}
	EndGlobalSection
EndGlobal
